
Microsoft Visual Studio Solution File, Format Version 12.00
# Visual Studio Version 16
VisualStudioVersion = 16.0.29728.190
MinimumVisualStudioVersion = 10.0.40219.1
Project("{FAE04EC0-301F-11D3-BF4B-00C04F79EFBC}") = "IntroductionToASP_NET", "IntroductionToASP_NET\IntroductionToASP_NET.csproj", "{1FAB7262-A0A4-43C6-9506-10CA904C2225}"
EndProject
Project("{FAE04EC0-301F-11D3-BF4B-00C04F79EFBC}") = "IntroToASP_NET_businessRules", "IntroToASP_NET_businessRules\IntroToASP_NET_businessRules.csproj", "{08F90F83-A717-439E-8E4E-AE7610E8E769}"
EndProject
Global
	GlobalSection(SolutionConfigurationPlatforms) = preSolution
		Debug|Any CPU = Debug|Any CPU
		Release|Any CPU = Release|Any CPU
	EndGlobalSection
	GlobalSection(ProjectConfigurationPlatforms) = postSolution
		{1FAB7262-A0A4-43C6-9506-10CA904C2225}.Debug|Any CPU.ActiveCfg = Debug|Any CPU
		{1FAB7262-A0A4-43C6-9506-10CA904C2225}.Debug|Any CPU.Build.0 = Debug|Any CPU
		{1FAB7262-A0A4-43C6-9506-10CA904C2225}.Release|Any CPU.ActiveCfg = Release|Any CPU
		{1FAB7262-A0A4-43C6-9506-10CA904C2225}.Release|Any CPU.Build.0 = Release|Any CPU
		{08F90F83-A717-439E-8E4E-AE7610E8E769}.Debug|Any CPU.ActiveCfg = Debug|Any CPU
		{08F90F83-A717-439E-8E4E-AE7610E8E769}.Debug|Any CPU.Build.0 = Debug|Any CPU
		{08F90F83-A717-439E-8E4E-AE7610E8E769}.Release|Any CPU.ActiveCfg = Release|Any CPU
		{08F90F83-A717-439E-8E4E-AE7610E8E769}.Release|Any CPU.Build.0 = Release|Any CPU
	EndGlobalSection
	GlobalSection(SolutionProperties) = preSolution
		HideSolutionNode = FALSE
	EndGlobalSection
	GlobalSection(ExtensibilityGlobals) = postSolution
		SolutionGuid = {459E49A0-7ED0-49AD-84B1-6DB598AEB1F8}
	EndGlobalSection
EndGlobal
